{"1.2.0",
[{<<"cowboy">>,{pkg,<<"cowboy">>,<<"2.19.0">>},0},
 {<<"cowlib">>,{pkg,<<"cowlib">>,<<"2.20.0">>},1},
 {<<"ranch">>,{pkg,<<"ranch">>,<<"2.3.0">>},1},
 {<<"sqlite3">>,{pkg,<<"sqlite3">>,<<"1.1.15">>},0},
 {<<"syslog">>,{pkg,<<"syslog">>,<<"1.1.0">>},0}]}.
[
{pkg_hash,[
 {<<"cowboy">>, <<"78B9D92D25A23E56D7341040B67946C04067CD77DE966E2372865F673A8E6F59">>},
 {<<"cowlib">>, <<"BB525377BA634CD6D68BAC7BFF5D98571F738806139D335DACA827717C5DC172">>},
 {<<"ranch">>, <<"7DE7B041A9A6A5091A3AA5898D66C0564BE671D87DB4F9D63B1B5EE775B097DF">>},
 {<<"sqlite3">>, <<"E819DEFD280145C328457D7AF897D2E45E8E5270E18812EE30B607C99CDD21AF">>},
 {<<"syslog">>, <<"6419A232BEA84F07B56DC575225007FFE34D9FDC91ABE6F1B2F254FD71D8EFC2">>}]},
{pkg_hash_ext,[
 {<<"cowboy">>, <<"986DAE81F99FCB78EF2D8EFC21D738CEE189410840EEAF32ECA84ADA81DCF6D4">>},
 {<<"cowlib">>, <<"7D41A0DD2C093041FF3779AC5FE8A1585A68EC7CB2DD1DE0536BDD2452FD7BA1">>},
 {<<"ranch">>, <<"6168EC49409D982F7CFBD83DD083144F6CBE67CAA4036551D2F0A3AD67C9D023">>},
 {<<"sqlite3">>, <<"3C0BA4E13322C2AD49DE4E2DDD28311366ADDE54BEAE8DBA9D9E3888F69D2857">>},
 {<<"syslog">>, <<"4C6A41373C7E20587BE33EF841D3DE6F3BEBA08519809329ECC4D27B15B659E1">>}]}
].
